
Microsoft Visual Studio Solution File, Format Version 12.00
# Visual Studio Version 17
VisualStudioVersion = 17.0.31903.59
MinimumVisualStudioVersion = 10.0.40219.1
Project("{2150E333-8FDC-42A3-9474-1A3956D46DE8}") = "src", "src", "{D0F7F37E-243C-4286-8203-32B4446C6CB4}"
EndProject
Project("{FAE04EC0-301F-11D3-BF4B-00C04F79EFBC}") = "Passless.Core", "src\Passless.Core\Passless.Core.csproj", "{7D98FF75-AC3F-43AF-AC54-260E1146834A}"
EndProject
Project("{FAE04EC0-301F-11D3-BF4B-00C04F79EFBC}") = "Passless.Api", "src\Passless.Api\Passless.Api.csproj", "{ECE32A2D-A492-448F-B700-2C28D34EDAE7}"
EndProject
Project("{2150E333-8FDC-42A3-9474-1A3956D46DE8}") = "tests", "tests", "{1FC79972-C71F-4353-83BC-E6453D34BE65}"
EndProject
Project("{FAE04EC0-301F-11D3-BF4B-00C04F79EFBC}") = "Passless.IntegrationTests", "tests\Passless.IntegrationTests\Passless.IntegrationTests.csproj", "{55111646-06D2-425E-9BBF-EF682BD2D7B8}"
EndProject
Project("{FAE04EC0-301F-11D3-BF4B-00C04F79EFBC}") = "Passless.E2ETests", "tests\Passless.E2ETests\Passless.E2ETests.csproj", "{B6B01B11-FF22-4E06-BF09-E34710F6D433}"
EndProject
Global
	GlobalSection(SolutionConfigurationPlatforms) = preSolution
		Debug|Any CPU = Debug|Any CPU
		Release|Any CPU = Release|Any CPU
	EndGlobalSection
	GlobalSection(SolutionProperties) = preSolution
		HideSolutionNode = FALSE
	EndGlobalSection
	GlobalSection(ProjectConfigurationPlatforms) = postSolution
		{7D98FF75-AC3F-43AF-AC54-260E1146834A}.Debug|Any CPU.ActiveCfg = Debug|Any CPU
		{7D98FF75-AC3F-43AF-AC54-260E1146834A}.Debug|Any CPU.Build.0 = Debug|Any CPU
		{7D98FF75-AC3F-43AF-AC54-260E1146834A}.Release|Any CPU.ActiveCfg = Release|Any CPU
		{7D98FF75-AC3F-43AF-AC54-260E1146834A}.Release|Any CPU.Build.0 = Release|Any CPU
		{ECE32A2D-A492-448F-B700-2C28D34EDAE7}.Debug|Any CPU.ActiveCfg = Debug|Any CPU
		{ECE32A2D-A492-448F-B700-2C28D34EDAE7}.Debug|Any CPU.Build.0 = Debug|Any CPU
		{ECE32A2D-A492-448F-B700-2C28D34EDAE7}.Release|Any CPU.ActiveCfg = Release|Any CPU
		{ECE32A2D-A492-448F-B700-2C28D34EDAE7}.Release|Any CPU.Build.0 = Release|Any CPU
		{55111646-06D2-425E-9BBF-EF682BD2D7B8}.Debug|Any CPU.ActiveCfg = Debug|Any CPU
		{55111646-06D2-425E-9BBF-EF682BD2D7B8}.Debug|Any CPU.Build.0 = Debug|Any CPU
		{55111646-06D2-425E-9BBF-EF682BD2D7B8}.Release|Any CPU.ActiveCfg = Release|Any CPU
		{55111646-06D2-425E-9BBF-EF682BD2D7B8}.Release|Any CPU.Build.0 = Release|Any CPU
		{B6B01B11-FF22-4E06-BF09-E34710F6D433}.Debug|Any CPU.ActiveCfg = Debug|Any CPU
		{B6B01B11-FF22-4E06-BF09-E34710F6D433}.Debug|Any CPU.Build.0 = Debug|Any CPU
		{B6B01B11-FF22-4E06-BF09-E34710F6D433}.Release|Any CPU.ActiveCfg = Release|Any CPU
		{B6B01B11-FF22-4E06-BF09-E34710F6D433}.Release|Any CPU.Build.0 = Release|Any CPU
	EndGlobalSection
	GlobalSection(NestedProjects) = preSolution
		{7D98FF75-AC3F-43AF-AC54-260E1146834A} = {D0F7F37E-243C-4286-8203-32B4446C6CB4}
		{ECE32A2D-A492-448F-B700-2C28D34EDAE7} = {D0F7F37E-243C-4286-8203-32B4446C6CB4}
		{55111646-06D2-425E-9BBF-EF682BD2D7B8} = {1FC79972-C71F-4353-83BC-E6453D34BE65}
		{B6B01B11-FF22-4E06-BF09-E34710F6D433} = {1FC79972-C71F-4353-83BC-E6453D34BE65}
	EndGlobalSection
EndGlobal
